{
  "name": "dc-mod-sgi-main",
  "version": "1.0.0",
  "lockfileVersion": 3,
  "requires": true,
  "packages": {
    "": {
      "dependencies": {
        "chokidar": "^3.5.3"
      }
    },
    "node_modules/chokidar": {
      "version": "3.5.3",
      "resolved": "https://registry.npmjs.org/chokidar/-/chokidar-3.5.3.tgz",
      "integrity": "sha512-qY0pPz0Z2q4fZHDZ9iE+fdgY9cfMbVt2u5Q4R2QvWzjrA5G3ZbLkL+yvZk7s0uUmgOWKqEXj5LmsHx3U6q/8vQ==",
      "dependencies": {
        "anymatch": "^3.1.3",
        "braces": "^3.0.3",
        "glob-parent": "^5.1.2",
        "is-binary-path": "^2.1.0",
        "is-glob": "^4.0.3",
        "normalize-path": "^3.0.0",
        "readdirp": "^3.6.0"
      }
    }
  }
}